{
  "version": "5",
  "remote": {
    "https://edge.netlify.com/": "fd941d61d88673d5f28aab283fb86fcc50f08a3bc80ee5470498fcfa88c65cfb",
    "https://edge.netlify.com/bootstrap/config.ts": "6a2ce0e544e15e8f8883a5c18da5948e37fd0f2619f68cb31f3af53c51817025",
    "https://edge.netlify.com/bootstrap/context.ts": "72496497b40d9e808f419efc764ecb438952a32f61ed94cd54952fc59f17f69d",
    "https://edge.netlify.com/bootstrap/cookie.ts": "8b0baae708989ca183c6f3b4ab3d029e6abcbc2e43f93edeb0ff447b3bbc3a05",
    "https://edge.netlify.com/bootstrap/edge_function.ts": "b8253e86aa83c67341f5cfedeba5049d77fbf84dcab7eceff7566b7728ae9b39",
    "https://edge.netlify.com/bootstrap/globals/types.ts": "eaa6148ded3121d8dee62dd91c86e7fe76601df0f3ca8d7962243a30f4c8935f"
  },
  "workspace": {
    "packageJson": {
      "dependencies": [
        "npm:@netlify/neon@0.1",
        "npm:acorn-jsx@^5.3.2",
        "npm:acorn@^8.15.0",
        "npm:ajv@^6.12.6",
        "npm:ansi-styles@^4.3.0",
        "npm:argparse@^2.0.1",
        "npm:balanced-match@^1.0.2",
        "npm:bcrypt@6",
        "npm:brace-expansion@^1.1.12",
        "npm:callsites@^3.1.0",
        "npm:chalk@^4.1.2",
        "npm:color-convert@^2.0.1",
        "npm:color-name@^1.1.4",
        "npm:concat-map@^0.0.1",
        "npm:cross-spawn@^7.0.6",
        "npm:debug@^4.4.3",
        "npm:deep-is@~0.1.4",
        "npm:escape-string-regexp@4",
        "npm:eslint-scope@^8.4.0",
        "npm:eslint-visitor-keys@^4.2.1",
        "npm:eslint@^9.39.1",
        "npm:espree@^10.4.0",
        "npm:esquery@^1.6.0",
        "npm:esrecurse@^4.3.0",
        "npm:estraverse@^5.3.0",
        "npm:esutils@^2.0.3",
        "npm:fast-deep-equal@^3.1.3",
        "npm:fast-json-stable-stringify@^2.1.0",
        "npm:fast-levenshtein@^2.0.6",
        "npm:file-entry-cache@8",
        "npm:find-up@5",
        "npm:flat-cache@^4.0.1",
        "npm:flatted@^3.3.3",
        "npm:glob-parent@^6.0.2",
        "npm:globals@14",
        "npm:has-flag@4",
        "npm:ignore@^5.3.2",
        "npm:import-fresh@^3.3.1",
        "npm:imurmurhash@~0.1.4",
        "npm:is-extglob@^2.1.1",
        "npm:is-glob@^4.0.3",
        "npm:isexe@2",
        "npm:js-yaml@^4.1.1",
        "npm:json-buffer@^3.0.1",
        "npm:json-schema-traverse@~0.4.1",
        "npm:json-stable-stringify-without-jsonify@^1.0.1",
        "npm:jsonwebtoken@^9.0.2",
        "npm:keyv@^4.5.4",
        "npm:levn@~0.4.1",
        "npm:locate-path@6",
        "npm:lodash.merge@^4.6.2",
        "npm:minimatch@^3.1.2",
        "npm:ms@^2.1.3",
        "npm:natural-compare@^1.4.0",
        "npm:optionator@~0.9.4",
        "npm:p-limit@^3.1.0",
        "npm:p-locate@5",
        "npm:parent-module@^1.0.1",
        "npm:path-exists@4",
        "npm:path-key@^3.1.1",
        "npm:prelude-ls@^1.2.1",
        "npm:punycode@^2.3.1",
        "npm:resolve-from@4",
        "npm:shebang-command@2",
        "npm:shebang-regex@3",
        "npm:strip-json-comments@^3.1.1",
        "npm:supports-color@^7.2.0",
        "npm:type-check@0.4",
        "npm:uri-js@^4.4.1",
        "npm:which@^2.0.2",
        "npm:word-wrap@^1.2.5",
        "npm:yocto-queue@0.1"
      ]
    }
  }
}
